
Microsoft Visual Studio Solution File, Format Version 12.00
# Visual Studio Version 16
VisualStudioVersion = 16.0.29709.97
MinimumVisualStudioVersion = 10.0.40219.1
Project("{FAE04EC0-301F-11D3-BF4B-00C04F79EFBC}") = "RateLimiter", "RateLimiter\RateLimiter.csproj", "{96269672-00C1-409C-867D-9CA020F4D44D}"
EndProject
Global
	GlobalSection(SolutionConfigurationPlatforms) = preSolution
		Debug|Any CPU = Debug|Any CPU
		Release|Any CPU = Release|Any CPU
	EndGlobalSection
	GlobalSection(ProjectConfigurationPlatforms) = postSolution
		{96269672-00C1-409C-867D-9CA020F4D44D}.Debug|Any CPU.ActiveCfg = Debug|Any CPU
		{96269672-00C1-409C-867D-9CA020F4D44D}.Debug|Any CPU.Build.0 = Debug|Any CPU
		{96269672-00C1-409C-867D-9CA020F4D44D}.Release|Any CPU.ActiveCfg = Release|Any CPU
		{96269672-00C1-409C-867D-9CA020F4D44D}.Release|Any CPU.Build.0 = Release|Any CPU
	EndGlobalSection
	GlobalSection(SolutionProperties) = preSolution
		HideSolutionNode = FALSE
	EndGlobalSection
	GlobalSection(ExtensibilityGlobals) = postSolution
		SolutionGuid = {C8656C8F-1AD6-41FB-911C-AA2233BD3597}
	EndGlobalSection
EndGlobal
