
Microsoft Visual Studio Solution File, Format Version 12.00
# Visual Studio Version 16
VisualStudioVersion = 16.0.29709.97
MinimumVisualStudioVersion = 10.0.40219.1
Project("{FAE04EC0-301F-11D3-BF4B-00C04F79EFBC}") = "TraffcLight", "TraffcLight\TraffcLight.csproj", "{C25C254F-93C2-44B7-B63B-A9F12B025ED5}"
EndProject
Global
	GlobalSection(SolutionConfigurationPlatforms) = preSolution
		Debug|Any CPU = Debug|Any CPU
		Release|Any CPU = Release|Any CPU
	EndGlobalSection
	GlobalSection(ProjectConfigurationPlatforms) = postSolution
		{C25C254F-93C2-44B7-B63B-A9F12B025ED5}.Debug|Any CPU.ActiveCfg = Debug|Any CPU
		{C25C254F-93C2-44B7-B63B-A9F12B025ED5}.Debug|Any CPU.Build.0 = Debug|Any CPU
		{C25C254F-93C2-44B7-B63B-A9F12B025ED5}.Release|Any CPU.ActiveCfg = Release|Any CPU
		{C25C254F-93C2-44B7-B63B-A9F12B025ED5}.Release|Any CPU.Build.0 = Release|Any CPU
	EndGlobalSection
	GlobalSection(SolutionProperties) = preSolution
		HideSolutionNode = FALSE
	EndGlobalSection
	GlobalSection(ExtensibilityGlobals) = postSolution
		SolutionGuid = {FB55C8CF-3B20-478C-9F85-06D3D053AFB6}
	EndGlobalSection
EndGlobal
